// !$*UTF8*$!
{
	archiveVersion = 1;
	classes = {
	};
	objectVersion = 50;
	objects = {

/* Begin PBXBuildFile section */
		50104B812412A94400D6E658 /* AppDelegate.swift in Sources */ = {isa = PBXBuildFile; fileRef = 50104B802412A94400D6E658 /* AppDelegate.swift */; };
		50104B8A2412A94600D6E658 /* Assets.xcassets in Resources */ = {isa = PBXBuildFile; fileRef = 50104B892412A94600D6E658 /* Assets.xcassets */; };
		50104B972412ADD100D6E658 /* AppCoordinator.swift in Sources */ = {isa = PBXBuildFile; fileRef = 50104B962412ADD100D6E658 /* AppCoordinator.swift */; };
		50104B9A2412B04400D6E658 /* AuthViewController.swift in Sources */ = {isa = PBXBuildFile; fileRef = 50104B992412B04400D6E658 /* AuthViewController.swift */; };
		50104BA02412B2CC00D6E658 /* ApiManager.swift in Sources */ = {isa = PBXBuildFile; fileRef = 50104B9F2412B2CC00D6E658 /* ApiManager.swift */; };
		50104BA22412B2E500D6E658 /* Globals.swift in Sources */ = {isa = PBXBuildFile; fileRef = 50104BA12412B2E500D6E658 /* Globals.swift */; };
		50104BA42412B49C00D6E658 /* Settings.swift in Sources */ = {isa = PBXBuildFile; fileRef = 50104BA32412B49C00D6E658 /* Settings.swift */; };
		50104BA62412D19200D6E658 /* RestoreSessionViewController.swift in Sources */ = {isa = PBXBuildFile; fileRef = 50104BA52412D19200D6E658 /* RestoreSessionViewController.swift */; };
		50104BAB2412E64F00D6E658 /* SearchViewController.swift in Sources */ = {isa = PBXBuildFile; fileRef = 50104BAA2412E64F00D6E658 /* SearchViewController.swift */; };
		50104BAE2412E78200D6E658 /* KeyboardObserverViewController.swift in Sources */ = {isa = PBXBuildFile; fileRef = 50104BAD2412E78200D6E658 /* KeyboardObserverViewController.swift */; };
		50104BB024151B0F00D6E658 /* SearchParameters.swift in Sources */ = {isa = PBXBuildFile; fileRef = 50104BAF24151B0F00D6E658 /* SearchParameters.swift */; };
		50104BB224151F4100D6E658 /* SearchResult.swift in Sources */ = {isa = PBXBuildFile; fileRef = 50104BB124151F4100D6E658 /* SearchResult.swift */; };
		50104BB52415246100D6E658 /* Database.swift in Sources */ = {isa = PBXBuildFile; fileRef = 50104BB42415246100D6E658 /* Database.swift */; };
		50104BB7241524BA00D6E658 /* ErrorHandling.swift in Sources */ = {isa = PBXBuildFile; fileRef = 50104BB6241524BA00D6E658 /* ErrorHandling.swift */; };
		50104BBA2415272E00D6E658 /* Model.xcdatamodeld in Sources */ = {isa = PBXBuildFile; fileRef = 50104BB82415272E00D6E658 /* Model.xcdatamodeld */; };
		50104BC32415306600D6E658 /* VideoCell.swift in Sources */ = {isa = PBXBuildFile; fileRef = 50104BC22415306600D6E658 /* VideoCell.swift */; };
		50104BC62415486100D6E658 /* PlayerViewController.swift in Sources */ = {isa = PBXBuildFile; fileRef = 50104BC52415486100D6E658 /* PlayerViewController.swift */; };
		5021038B24377AC000BBC68F /* VideoSearchModel.swift in Sources */ = {isa = PBXBuildFile; fileRef = 5021038A24377AC000BBC68F /* VideoSearchModel.swift */; };
		50210392243B49C300BBC68F /* PlayerView.swift in Sources */ = {isa = PBXBuildFile; fileRef = 50210391243B49C300BBC68F /* PlayerView.swift */; };
		50251CD9243CD3FC00B75050 /* Localizable.strings in Resources */ = {isa = PBXBuildFile; fileRef = 50251CDB243CD3FC00B75050 /* Localizable.strings */; };
		503742EE243CCE2000DC9B66 /* Localizable.stringsdict in Resources */ = {isa = PBXBuildFile; fileRef = 503742F0243CCE2000DC9B66 /* Localizable.stringsdict */; };
		5079622D243CC64300FDB97A /* LaunchScreen.storyboard in Resources */ = {isa = PBXBuildFile; fileRef = 5079622C243CC64200FDB97A /* LaunchScreen.storyboard */; };
		507C7BB7241FD58F00B44BAE /* AuthResponse.swift in Sources */ = {isa = PBXBuildFile; fileRef = 507C7BB6241FD58F00B44BAE /* AuthResponse.swift */; };
		50A3CA16243CBAC30072EE64 /* Player.storyboard in Resources */ = {isa = PBXBuildFile; fileRef = 50A3CA18243CBAC30072EE64 /* Player.storyboard */; };
		50A3CA1D243CBB490072EE64 /* Main.storyboard in Resources */ = {isa = PBXBuildFile; fileRef = 50A3CA1F243CBB490072EE64 /* Main.storyboard */; };
		50A3CA26243CBC4D0072EE64 /* InfoPlist.strings in Resources */ = {isa = PBXBuildFile; fileRef = 50A3CA24243CBC4D0072EE64 /* InfoPlist.strings */; };
		50A3CA2A243CBD130072EE64 /* Auth.storyboard in Resources */ = {isa = PBXBuildFile; fileRef = 50A3CA2C243CBD130072EE64 /* Auth.storyboard */; };
/* End PBXBuildFile section */

/* Begin PBXFileReference section */
		50104B7D2412A94400D6E658 /* gotporn.app */ = {isa = PBXFileReference; explicitFileType = wrapper.application; includeInIndex = 0; path = gotporn.app; sourceTree = BUILT_PRODUCTS_DIR; };
		50104B802412A94400D6E658 /* AppDelegate.swift */ = {isa = PBXFileReference; lastKnownFileType = sourcecode.swift; path = AppDelegate.swift; sourceTree = "<group>"; };
		50104B892412A94600D6E658 /* Assets.xcassets */ = {isa = PBXFileReference; lastKnownFileType = folder.assetcatalog; path = Assets.xcassets; sourceTree = "<group>"; };
		50104B8E2412A94600D6E658 /* Info.plist */ = {isa = PBXFileReference; lastKnownFileType = text.plist.xml; path = Info.plist; sourceTree = "<group>"; };
		50104B962412ADD100D6E658 /* AppCoordinator.swift */ = {isa = PBXFileReference; lastKnownFileType = sourcecode.swift; path = AppCoordinator.swift; sourceTree = "<group>"; };
		50104B992412B04400D6E658 /* AuthViewController.swift */ = {isa = PBXFileReference; lastKnownFileType = sourcecode.swift; path = AuthViewController.swift; sourceTree = "<group>"; };
		50104B9F2412B2CC00D6E658 /* ApiManager.swift */ = {isa = PBXFileReference; lastKnownFileType = sourcecode.swift; path = ApiManager.swift; sourceTree = "<group>"; };
		50104BA12412B2E500D6E658 /* Globals.swift */ = {isa = PBXFileReference; lastKnownFileType = sourcecode.swift; path = Globals.swift; sourceTree = "<group>"; };
		50104BA32412B49C00D6E658 /* Settings.swift */ = {isa = PBXFileReference; lastKnownFileType = sourcecode.swift; path = Settings.swift; sourceTree = "<group>"; };
		50104BA52412D19200D6E658 /* RestoreSessionViewController.swift */ = {isa = PBXFileReference; lastKnownFileType = sourcecode.swift; path = RestoreSessionViewController.swift; sourceTree = "<group>"; };
		50104BAA2412E64F00D6E658 /* SearchViewController.swift */ = {isa = PBXFileReference; lastKnownFileType = sourcecode.swift; path = SearchViewController.swift; sourceTree = "<group>"; };
		50104BAD2412E78200D6E658 /* KeyboardObserverViewController.swift */ = {isa = PBXFileReference; lastKnownFileType = sourcecode.swift; path = KeyboardObserverViewController.swift; sourceTree = "<group>"; };
		50104BAF24151B0F00D6E658 /* SearchParameters.swift */ = {isa = PBXFileReference; lastKnownFileType = sourcecode.swift; path = SearchParameters.swift; sourceTree = "<group>"; };
		50104BB124151F4100D6E658 /* SearchResult.swift */ = {isa = PBXFileReference; lastKnownFileType = sourcecode.swift; path = SearchResult.swift; sourceTree = "<group>"; };
		50104BB42415246100D6E658 /* Database.swift */ = {isa = PBXFileReference; lastKnownFileType = sourcecode.swift; path = Database.swift; sourceTree = "<group>"; };
		50104BB6241524BA00D6E658 /* ErrorHandling.swift */ = {isa = PBXFileReference; lastKnownFileType = sourcecode.swift; path = ErrorHandling.swift; sourceTree = "<group>"; };
		50104BB92415272E00D6E658 /* Model.xcdatamodel */ = {isa = PBXFileReference; lastKnownFileType = wrapper.xcdatamodel; path = Model.xcdatamodel; sourceTree = "<group>"; };
		50104BC22415306600D6E658 /* VideoCell.swift */ = {isa = PBXFileReference; lastKnownFileType = sourcecode.swift; path = VideoCell.swift; sourceTree = "<group>"; };
		50104BC52415486100D6E658 /* PlayerViewController.swift */ = {isa = PBXFileReference; lastKnownFileType = sourcecode.swift; path = PlayerViewController.swift; sourceTree = "<group>"; };
		5021038A24377AC000BBC68F /* VideoSearchModel.swift */ = {isa = PBXFileReference; lastKnownFileType = sourcecode.swift; path = VideoSearchModel.swift; sourceTree = "<group>"; };
		50210391243B49C300BBC68F /* PlayerView.swift */ = {isa = PBXFileReference; lastKnownFileType = sourcecode.swift; path = PlayerView.swift; sourceTree = "<group>"; };
		50251CDA243CD3FC00B75050 /* en */ = {isa = PBXFileReference; lastKnownFileType = text.plist.strings; name = en; path = en.lproj/Localizable.strings; sourceTree = "<group>"; };
		50251CDE243CDD8B00B75050 /* ru */ = {isa = PBXFileReference; lastKnownFileType = text.plist.stringsdict; name = ru; path = ru.lproj/Localizable.stringsdict; sourceTree = "<group>"; };
		50251CDF243CDD8F00B75050 /* ru */ = {isa = PBXFileReference; lastKnownFileType = text.plist.strings; name = ru; path = ru.lproj/Localizable.strings; sourceTree = "<group>"; };
		50251CE2243CE31300B75050 /* en */ = {isa = PBXFileReference; lastKnownFileType = text.plist.strings; name = en; path = en.lproj/InfoPlist.strings; sourceTree = "<group>"; };
		503742EF243CCE2000DC9B66 /* en */ = {isa = PBXFileReference; lastKnownFileType = text.plist.stringsdict; name = en; path = en.lproj/Localizable.stringsdict; sourceTree = "<group>"; };
		5079622C243CC64200FDB97A /* LaunchScreen.storyboard */ = {isa = PBXFileReference; fileEncoding = 4; lastKnownFileType = file.storyboard; path = LaunchScreen.storyboard; sourceTree = "<group>"; };
		507C7BB6241FD58F00B44BAE /* AuthResponse.swift */ = {isa = PBXFileReference; lastKnownFileType = sourcecode.swift; path = AuthResponse.swift; sourceTree = "<group>"; };
		50A3CA17243CBAC30072EE64 /* Base */ = {isa = PBXFileReference; lastKnownFileType = file.storyboard; name = Base; path = Base.lproj/Player.storyboard; sourceTree = "<group>"; };
		50A3CA1C243CBACB0072EE64 /* ru */ = {isa = PBXFileReference; lastKnownFileType = text.plist.strings; name = ru; path = ru.lproj/Player.strings; sourceTree = "<group>"; };
		50A3CA1E243CBB490072EE64 /* Base */ = {isa = PBXFileReference; lastKnownFileType = file.storyboard; name = Base; path = Base.lproj/Main.storyboard; sourceTree = "<group>"; };
		50A3CA23243CBB520072EE64 /* ru */ = {isa = PBXFileReference; lastKnownFileType = text.plist.strings; name = ru; path = ru.lproj/Main.strings; sourceTree = "<group>"; };
		50A3CA25243CBC4D0072EE64 /* ru */ = {isa = PBXFileReference; lastKnownFileType = text.plist.strings; name = ru; path = ru.lproj/InfoPlist.strings; sourceTree = "<group>"; };
		50A3CA2B243CBD130072EE64 /* Base */ = {isa = PBXFileReference; lastKnownFileType = file.storyboard; name = Base; path = Base.lproj/Auth.storyboard; sourceTree = "<group>"; };
		50A3CA30243CBD180072EE64 /* ru */ = {isa = PBXFileReference; lastKnownFileType = text.plist.strings; name = ru; path = ru.lproj/Auth.strings; sourceTree = "<group>"; };
/* End PBXFileReference section */

/* Begin PBXFrameworksBuildPhase section */
		50104B7A2412A94400D6E658 /* Frameworks */ = {
			isa = PBXFrameworksBuildPhase;
			buildActionMask = 2147483647;
			files = (
			);
			runOnlyForDeploymentPostprocessing = 0;
		};
/* End PBXFrameworksBuildPhase section */

/* Begin PBXGroup section */
		50104B742412A94400D6E658 = {
			isa = PBXGroup;
			children = (
				50104B7F2412A94400D6E658 /* gotporn */,
				50104B7E2412A94400D6E658 /* Products */,
			);
			sourceTree = "<group>";
		};
		50104B7E2412A94400D6E658 /* Products */ = {
			isa = PBXGroup;
			children = (
				50104B7D2412A94400D6E658 /* gotporn.app */,
			);
			name = Products;
			sourceTree = "<group>";
		};
		50104B7F2412A94400D6E658 /* gotporn */ = {
			isa = PBXGroup;
			children = (
				50104B802412A94400D6E658 /* AppDelegate.swift */,
				50104B9D2412B28400D6E658 /* BusinessModel */,
				50104B952412AD9F00D6E658 /* Navigation */,
				50104B942412AD9400D6E658 /* UI */,
				50104B892412A94600D6E658 /* Assets.xcassets */,
				50104B8E2412A94600D6E658 /* Info.plist */,
				5079622C243CC64200FDB97A /* LaunchScreen.storyboard */,
				503742F0243CCE2000DC9B66 /* Localizable.stringsdict */,
				50251CDB243CD3FC00B75050 /* Localizable.strings */,
				50A3CA24243CBC4D0072EE64 /* InfoPlist.strings */,
			);
			path = gotporn;
			sourceTree = "<group>";
		};
		50104B942412AD9400D6E658 /* UI */ = {
			isa = PBXGroup;
			children = (
				50104BBF2415304000D6E658 /* Cells */,
				50104BAC2412E75C00D6E658 /* Base */,
				50104B982412B01300D6E658 /* Auth */,
				50104BA72412DAE600D6E658 /* Main */,
				50104BC42415483D00D6E658 /* Player */,
			);
			path = UI;
			sourceTree = "<group>";
		};
		50104B952412AD9F00D6E658 /* Navigation */ = {
			isa = PBXGroup;
			children = (
				50104B962412ADD100D6E658 /* AppCoordinator.swift */,
			);
			path = Navigation;
			sourceTree = "<group>";
		};
		50104B982412B01300D6E658 /* Auth */ = {
			isa = PBXGroup;
			children = (
				50104BA52412D19200D6E658 /* RestoreSessionViewController.swift */,
				50104B992412B04400D6E658 /* AuthViewController.swift */,
				50A3CA2C243CBD130072EE64 /* Auth.storyboard */,
			);
			path = Auth;
			sourceTree = "<group>";
		};
		50104B9D2412B28400D6E658 /* BusinessModel */ = {
			isa = PBXGroup;
			children = (
				50104B9E2412B2A800D6E658 /* Network */,
				50104BB32415244B00D6E658 /* Database */,
				50104BA12412B2E500D6E658 /* Globals.swift */,
				50104BA32412B49C00D6E658 /* Settings.swift */,
				50104BB6241524BA00D6E658 /* ErrorHandling.swift */,
				5021038A24377AC000BBC68F /* VideoSearchModel.swift */,
			);
			path = BusinessModel;
			sourceTree = "<group>";
		};
		50104B9E2412B2A800D6E658 /* Network */ = {
			isa = PBXGroup;
			children = (
				50104B9F2412B2CC00D6E658 /* ApiManager.swift */,
				507C7BB6241FD58F00B44BAE /* AuthResponse.swift */,
				50104BAF24151B0F00D6E658 /* SearchParameters.swift */,
				50104BB124151F4100D6E658 /* SearchResult.swift */,
			);
			path = Network;
			sourceTree = "<group>";
		};
		50104BA72412DAE600D6E658 /* Main */ = {
			isa = PBXGroup;
			children = (
				50A3CA1F243CBB490072EE64 /* Main.storyboard */,
				50104BAA2412E64F00D6E658 /* SearchViewController.swift */,
			);
			path = Main;
			sourceTree = "<group>";
		};
		50104BAC2412E75C00D6E658 /* Base */ = {
			isa = PBXGroup;
			children = (
				50104BAD2412E78200D6E658 /* KeyboardObserverViewController.swift */,
			);
			path = Base;
			sourceTree = "<group>";
		};
		50104BB32415244B00D6E658 /* Database */ = {
			isa = PBXGroup;
			children = (
				50104BB42415246100D6E658 /* Database.swift */,
				50104BB82415272E00D6E658 /* Model.xcdatamodeld */,
			);
			path = Database;
			sourceTree = "<group>";
		};
		50104BBF2415304000D6E658 /* Cells */ = {
			isa = PBXGroup;
			children = (
				50104BC22415306600D6E658 /* VideoCell.swift */,
			);
			path = Cells;
			sourceTree = "<group>";
		};
		50104BC42415483D00D6E658 /* Player */ = {
			isa = PBXGroup;
			children = (
				50210391243B49C300BBC68F /* PlayerView.swift */,
				50104BC52415486100D6E658 /* PlayerViewController.swift */,
				50A3CA18243CBAC30072EE64 /* Player.storyboard */,
			);
			path = Player;
			sourceTree = "<group>";
		};
/* End PBXGroup section */

/* Begin PBXNativeTarget section */
		50104B7C2412A94400D6E658 /* gotporn */ = {
			isa = PBXNativeTarget;
			buildConfigurationList = 50104B912412A94600D6E658 /* Build configuration list for PBXNativeTarget "gotporn" */;
			buildPhases = (
				50104B792412A94400D6E658 /* Sources */,
				50104B7A2412A94400D6E658 /* Frameworks */,
				50104B7B2412A94400D6E658 /* Resources */,
			);
			buildRules = (
			);
			dependencies = (
			);
			name = gotporn;
			productName = gotporn;
			productReference = 50104B7D2412A94400D6E658 /* gotporn.app */;
			productType = "com.apple.product-type.application";
		};
/* End PBXNativeTarget section */

/* Begin PBXProject section */
		50104B752412A94400D6E658 /* Project object */ = {
			isa = PBXProject;
			attributes = {
				LastSwiftUpdateCheck = 1130;
				LastUpgradeCheck = 1130;
				ORGANIZATIONNAME = kimdenis;
				TargetAttributes = {
					50104B7C2412A94400D6E658 = {
						CreatedOnToolsVersion = 11.3.1;
					};
				};
			};
			buildConfigurationList = 50104B782412A94400D6E658 /* Build configuration list for PBXProject "gotporn" */;
			compatibilityVersion = "Xcode 9.3";
			developmentRegion = en;
			hasScannedForEncodings = 0;
			knownRegions = (
				en,
				Base,
				ru,
			);
			mainGroup = 50104B742412A94400D6E658;
			productRefGroup = 50104B7E2412A94400D6E658 /* Products */;
			projectDirPath = "";
			projectRoot = "";
			targets = (
				50104B7C2412A94400D6E658 /* gotporn */,
			);
		};
/* End PBXProject section */

/* Begin PBXResourcesBuildPhase section */
		50104B7B2412A94400D6E658 /* Resources */ = {
			isa = PBXResourcesBuildPhase;
			buildActionMask = 2147483647;
			files = (
				5079622D243CC64300FDB97A /* LaunchScreen.storyboard in Resources */,
				503742EE243CCE2000DC9B66 /* Localizable.stringsdict in Resources */,
				50A3CA2A243CBD130072EE64 /* Auth.storyboard in Resources */,
				50A3CA26243CBC4D0072EE64 /* InfoPlist.strings in Resources */,
				50251CD9243CD3FC00B75050 /* Localizable.strings in Resources */,
				50A3CA16243CBAC30072EE64 /* Player.storyboard in Resources */,
				50104B8A2412A94600D6E658 /* Assets.xcassets in Resources */,
				50A3CA1D243CBB490072EE64 /* Main.storyboard in Resources */,
			);
			runOnlyForDeploymentPostprocessing = 0;
		};
/* End PBXResourcesBuildPhase section */

/* Begin PBXSourcesBuildPhase section */
		50104B792412A94400D6E658 /* Sources */ = {
			isa = PBXSourcesBuildPhase;
			buildActionMask = 2147483647;
			files = (
				50104BB224151F4100D6E658 /* SearchResult.swift in Sources */,
				50104BC62415486100D6E658 /* PlayerViewController.swift in Sources */,
				50104BA42412B49C00D6E658 /* Settings.swift in Sources */,
				50104BA62412D19200D6E658 /* RestoreSessionViewController.swift in Sources */,
				507C7BB7241FD58F00B44BAE /* AuthResponse.swift in Sources */,
				50104BBA2415272E00D6E658 /* Model.xcdatamodeld in Sources */,
				50104BAB2412E64F00D6E658 /* SearchViewController.swift in Sources */,
				50104BC32415306600D6E658 /* VideoCell.swift in Sources */,
				50104BB024151B0F00D6E658 /* SearchParameters.swift in Sources */,
				50104BA02412B2CC00D6E658 /* ApiManager.swift in Sources */,
				50104BB52415246100D6E658 /* Database.swift in Sources */,
				50104B9A2412B04400D6E658 /* AuthViewController.swift in Sources */,
				50104BB7241524BA00D6E658 /* ErrorHandling.swift in Sources */,
				50104B972412ADD100D6E658 /* AppCoordinator.swift in Sources */,
				50104BAE2412E78200D6E658 /* KeyboardObserverViewController.swift in Sources */,
				50104BA22412B2E500D6E658 /* Globals.swift in Sources */,
				5021038B24377AC000BBC68F /* VideoSearchModel.swift in Sources */,
				50210392243B49C300BBC68F /* PlayerView.swift in Sources */,
				50104B812412A94400D6E658 /* AppDelegate.swift in Sources */,
			);
			runOnlyForDeploymentPostprocessing = 0;
		};
/* End PBXSourcesBuildPhase section */

/* Begin PBXVariantGroup section */
		50251CDB243CD3FC00B75050 /* Localizable.strings */ = {
			isa = PBXVariantGroup;
			children = (
				50251CDA243CD3FC00B75050 /* en */,
				50251CDF243CDD8F00B75050 /* ru */,
			);
			name = Localizable.strings;
			sourceTree = "<group>";
		};
		503742F0243CCE2000DC9B66 /* Localizable.stringsdict */ = {
			isa = PBXVariantGroup;
			children = (
				503742EF243CCE2000DC9B66 /* en */,
				50251CDE243CDD8B00B75050 /* ru */,
			);
			name = Localizable.stringsdict;
			sourceTree = "<group>";
		};
		50A3CA18243CBAC30072EE64 /* Player.storyboard */ = {
			isa = PBXVariantGroup;
			children = (
				50A3CA17243CBAC30072EE64 /* Base */,
				50A3CA1C243CBACB0072EE64 /* ru */,
			);
			name = Player.storyboard;
			sourceTree = "<group>";
		};
		50A3CA1F243CBB490072EE64 /* Main.storyboard */ = {
			isa = PBXVariantGroup;
			children = (
				50A3CA1E243CBB490072EE64 /* Base */,
				50A3CA23243CBB520072EE64 /* ru */,
			);
			name = Main.storyboard;
			sourceTree = "<group>";
		};
		50A3CA24243CBC4D0072EE64 /* InfoPlist.strings */ = {
			isa = PBXVariantGroup;
			children = (
				50A3CA25243CBC4D0072EE64 /* ru */,
				50251CE2243CE31300B75050 /* en */,
			);
			name = InfoPlist.strings;
			sourceTree = "<group>";
		};
		50A3CA2C243CBD130072EE64 /* Auth.storyboard */ = {
			isa = PBXVariantGroup;
			children = (
				50A3CA2B243CBD130072EE64 /* Base */,
				50A3CA30243CBD180072EE64 /* ru */,
			);
			name = Auth.storyboard;
			sourceTree = "<group>";
		};
/* End PBXVariantGroup section */

/* Begin XCBuildConfiguration section */
		50104B8F2412A94600D6E658 /* Debug */ = {
			isa = XCBuildConfiguration;
			buildSettings = {
				ALWAYS_SEARCH_USER_PATHS = NO;
				CLANG_ANALYZER_LOCALIZABILITY_NONLOCALIZED = YES;
				CLANG_ANALYZER_NONNULL = YES;
				CLANG_ANALYZER_NUMBER_OBJECT_CONVERSION = YES_AGGRESSIVE;
				CLANG_CXX_LANGUAGE_STANDARD = "gnu++14";
				CLANG_CXX_LIBRARY = "libc++";
				CLANG_ENABLE_MODULES = YES;
				CLANG_ENABLE_OBJC_ARC = YES;
				CLANG_ENABLE_OBJC_WEAK = YES;
				CLANG_WARN_BLOCK_CAPTURE_AUTORELEASING = YES;
				CLANG_WARN_BOOL_CONVERSION = YES;
				CLANG_WARN_COMMA = YES;
				CLANG_WARN_CONSTANT_CONVERSION = YES;
				CLANG_WARN_DEPRECATED_OBJC_IMPLEMENTATIONS = YES;
				CLANG_WARN_DIRECT_OBJC_ISA_USAGE = YES_ERROR;
				CLANG_WARN_DOCUMENTATION_COMMENTS = YES;
				CLANG_WARN_EMPTY_BODY = YES;
				CLANG_WARN_ENUM_CONVERSION = YES;
				CLANG_WARN_INFINITE_RECURSION = YES;
				CLANG_WARN_INT_CONVERSION = YES;
				CLANG_WARN_NON_LITERAL_NULL_CONVERSION = YES;
				CLANG_WARN_OBJC_IMPLICIT_RETAIN_SELF = YES;
				CLANG_WARN_OBJC_LITERAL_CONVERSION = YES;
				CLANG_WARN_OBJC_ROOT_CLASS = YES_ERROR;
				CLANG_WARN_RANGE_LOOP_ANALYSIS = YES;
				CLANG_WARN_STRICT_PROTOTYPES = YES;
				CLANG_WARN_SUSPICIOUS_MOVE = YES;
				CLANG_WARN_UNGUARDED_AVAILABILITY = YES_AGGRESSIVE;
				CLANG_WARN_UNREACHABLE_CODE = YES;
				CLANG_WARN__DUPLICATE_METHOD_MATCH = YES;
				COPY_PHASE_STRIP = NO;
				DEBUG_INFORMATION_FORMAT = dwarf;
				ENABLE_STRICT_OBJC_MSGSEND = YES;
				ENABLE_TESTABILITY = YES;
				GCC_C_LANGUAGE_STANDARD = gnu11;
				GCC_DYNAMIC_NO_PIC = NO;
				GCC_NO_COMMON_BLOCKS = YES;
				GCC_OPTIMIZATION_LEVEL = 0;
				GCC_PREPROCESSOR_DEFINITIONS = (
					"DEBUG=1",
					"$(inherited)",
				);
				GCC_WARN_64_TO_32_BIT_CONVERSION = YES;
				GCC_WARN_ABOUT_RETURN_TYPE = YES_ERROR;
				GCC_WARN_UNDECLARED_SELECTOR = YES;
				GCC_WARN_UNINITIALIZED_AUTOS = YES_AGGRESSIVE;
				GCC_WARN_UNUSED_FUNCTION = YES;
				GCC_WARN_UNUSED_VARIABLE = YES;
				IPHONEOS_DEPLOYMENT_TARGET = 13.2;
				MTL_ENABLE_DEBUG_INFO = INCLUDE_SOURCE;
				MTL_FAST_MATH = YES;
				ONLY_ACTIVE_ARCH = YES;
				SDKROOT = iphoneos;
				SWIFT_ACTIVE_COMPILATION_CONDITIONS = DEBUG;
				SWIFT_OPTIMIZATION_LEVEL = "-Onone";
			};
			name = Debug;
		};
		50104B902412A94600D6E658 /* Release */ = {
			isa = XCBuildConfiguration;
			buildSettings = {
				ALWAYS_SEARCH_USER_PATHS = NO;
				CLANG_ANALYZER_LOCALIZABILITY_NONLOCALIZED = YES;
				CLANG_ANALYZER_NONNULL = YES;
				CLANG_ANALYZER_NUMBER_OBJECT_CONVERSION = YES_AGGRESSIVE;
				CLANG_CXX_LANGUAGE_STANDARD = "gnu++14";
				CLANG_CXX_LIBRARY = "libc++";
				CLANG_ENABLE_MODULES = YES;
				CLANG_ENABLE_OBJC_ARC = YES;
				CLANG_ENABLE_OBJC_WEAK = YES;
				CLANG_WARN_BLOCK_CAPTURE_AUTORELEASING = YES;
				CLANG_WARN_BOOL_CONVERSION = YES;
				CLANG_WARN_COMMA = YES;
				CLANG_WARN_CONSTANT_CONVERSION = YES;
				CLANG_WARN_DEPRECATED_OBJC_IMPLEMENTATIONS = YES;
				CLANG_WARN_DIRECT_OBJC_ISA_USAGE = YES_ERROR;
				CLANG_WARN_DOCUMENTATION_COMMENTS = YES;
				CLANG_WARN_EMPTY_BODY = YES;
				CLANG_WARN_ENUM_CONVERSION = YES;
				CLANG_WARN_INFINITE_RECURSION = YES;
				CLANG_WARN_INT_CONVERSION = YES;
				CLANG_WARN_NON_LITERAL_NULL_CONVERSION = YES;
				CLANG_WARN_OBJC_IMPLICIT_RETAIN_SELF = YES;
				CLANG_WARN_OBJC_LITERAL_CONVERSION = YES;
				CLANG_WARN_OBJC_ROOT_CLASS = YES_ERROR;
				CLANG_WARN_RANGE_LOOP_ANALYSIS = YES;
				CLANG_WARN_STRICT_PROTOTYPES = YES;
				CLANG_WARN_SUSPICIOUS_MOVE = YES;
				CLANG_WARN_UNGUARDED_AVAILABILITY = YES_AGGRESSIVE;
				CLANG_WARN_UNREACHABLE_CODE = YES;
				CLANG_WARN__DUPLICATE_METHOD_MATCH = YES;
				COPY_PHASE_STRIP = NO;
				DEBUG_INFORMATION_FORMAT = "dwarf-with-dsym";
				ENABLE_NS_ASSERTIONS = NO;
				ENABLE_STRICT_OBJC_MSGSEND = YES;
				GCC_C_LANGUAGE_STANDARD = gnu11;
				GCC_NO_COMMON_BLOCKS = YES;
				GCC_WARN_64_TO_32_BIT_CONVERSION = YES;
				GCC_WARN_ABOUT_RETURN_TYPE = YES_ERROR;
				GCC_WARN_UNDECLARED_SELECTOR = YES;
				GCC_WARN_UNINITIALIZED_AUTOS = YES_AGGRESSIVE;
				GCC_WARN_UNUSED_FUNCTION = YES;
				GCC_WARN_UNUSED_VARIABLE = YES;
				IPHONEOS_DEPLOYMENT_TARGET = 13.2;
				MTL_ENABLE_DEBUG_INFO = NO;
				MTL_FAST_MATH = YES;
				SDKROOT = iphoneos;
				SWIFT_COMPILATION_MODE = wholemodule;
				SWIFT_OPTIMIZATION_LEVEL = "-O";
				VALIDATE_PRODUCT = YES;
			};
			name = Release;
		};
		50104B922412A94600D6E658 /* Debug */ = {
			isa = XCBuildConfiguration;
			buildSettings = {
				ASSETCATALOG_COMPILER_APPICON_NAME = AppIcon;
				CODE_SIGN_STYLE = Automatic;
				DEVELOPMENT_TEAM = 548U86CDFJ;
				INFOPLIST_FILE = gotporn/Info.plist;
				IPHONEOS_DEPLOYMENT_TARGET = 13.0;
				LD_RUNPATH_SEARCH_PATHS = (
					"$(inherited)",
					"@executable_path/Frameworks",
				);
				PRODUCT_BUNDLE_IDENTIFIER = ru.kimdenis.gotporn;
				PRODUCT_NAME = "$(TARGET_NAME)";
				SWIFT_VERSION = 5.0;
				TARGETED_DEVICE_FAMILY = "1,2";
			};
			name = Debug;
		};
		50104B932412A94600D6E658 /* Release */ = {
			isa = XCBuildConfiguration;
			buildSettings = {
				ASSETCATALOG_COMPILER_APPICON_NAME = AppIcon;
				CODE_SIGN_STYLE = Automatic;
				DEVELOPMENT_TEAM = 548U86CDFJ;
				INFOPLIST_FILE = gotporn/Info.plist;
				IPHONEOS_DEPLOYMENT_TARGET = 13.0;
				LD_RUNPATH_SEARCH_PATHS = (
					"$(inherited)",
					"@executable_path/Frameworks",
				);
				PRODUCT_BUNDLE_IDENTIFIER = ru.kimdenis.gotporn;
				PRODUCT_NAME = "$(TARGET_NAME)";
				SWIFT_VERSION = 5.0;
				TARGETED_DEVICE_FAMILY = "1,2";
			};
			name = Release;
		};
/* End XCBuildConfiguration section */

/* Begin XCConfigurationList section */
		50104B782412A94400D6E658 /* Build configuration list for PBXProject "gotporn" */ = {
			isa = XCConfigurationList;
			buildConfigurations = (
				50104B8F2412A94600D6E658 /* Debug */,
				50104B902412A94600D6E658 /* Release */,
			);
			defaultConfigurationIsVisible = 0;
			defaultConfigurationName = Release;
		};
		50104B912412A94600D6E658 /* Build configuration list for PBXNativeTarget "gotporn" */ = {
			isa = XCConfigurationList;
			buildConfigurations = (
				50104B922412A94600D6E658 /* Debug */,
				50104B932412A94600D6E658 /* Release */,
			);
			defaultConfigurationIsVisible = 0;
			defaultConfigurationName = Release;
		};
/* End XCConfigurationList section */

/* Begin XCVersionGroup section */
		50104BB82415272E00D6E658 /* Model.xcdatamodeld */ = {
			isa = XCVersionGroup;
			children = (
				50104BB92415272E00D6E658 /* Model.xcdatamodel */,
			);
			currentVersion = 50104BB92415272E00D6E658 /* Model.xcdatamodel */;
			path = Model.xcdatamodeld;
			sourceTree = "<group>";
			versionGroupType = wrapper.xcdatamodel;
		};
/* End XCVersionGroup section */
	};
	rootObject = 50104B752412A94400D6E658 /* Project object */;
}
